// !$*UTF8*$!
{
	archiveVersion = 1;
	classes = {
	};
	objectVersion = 55;
	objects = {

/* Begin PBXBuildFile section */
		A02E701227148F6800B08168 /* String+Extensions.swift in Sources */ = {isa = PBXBuildFile; fileRef = A02E701127148F6800B08168 /* String+Extensions.swift */; };
		A02E7018271495BD00B08168 /* DefaultNetworkOperationPackage in Frameworks */ = {isa = PBXBuildFile; productRef = A02E7017271495BD00B08168 /* DefaultNetworkOperationPackage */; };
		A02E701B271496DF00B08168 /* ColorHelper.swift in Sources */ = {isa = PBXBuildFile; fileRef = A02E701A271496DF00B08168 /* ColorHelper.swift */; };
		A02E701D2714982600B08168 /* HexColorUtil.swift in Sources */ = {isa = PBXBuildFile; fileRef = A02E701C2714982600B08168 /* HexColorUtil.swift */; };
		A02E70282714A18A00B08168 /* CardView.swift in Sources */ = {isa = PBXBuildFile; fileRef = A02E70272714A18A00B08168 /* CardView.swift */; };
		A02E702A2714A43E00B08168 /* BaseCollectionViewCell.swift in Sources */ = {isa = PBXBuildFile; fileRef = A02E70292714A43E00B08168 /* BaseCollectionViewCell.swift */; };
		A02E70302714A98900B08168 /* BaseVisualEffectView.swift in Sources */ = {isa = PBXBuildFile; fileRef = A02E702F2714A98900B08168 /* BaseVisualEffectView.swift */; };
		A02E70332714AAB500B08168 /* GenericVisualEffectView.swift in Sources */ = {isa = PBXBuildFile; fileRef = A02E70322714AAB500B08168 /* GenericVisualEffectView.swift */; };
		A08383962719956F0011CDAB /* ConsumerElectronicNewsManager.swift in Sources */ = {isa = PBXBuildFile; fileRef = A08383952719956F0011CDAB /* ConsumerElectronicNewsManager.swift */; };
		A0838398271995780011CDAB /* AppleNewsManager.swift in Sources */ = {isa = PBXBuildFile; fileRef = A0838397271995780011CDAB /* AppleNewsManager.swift */; };
		A083839B27199C490011CDAB /* GenericCollectionViewCell.swift in Sources */ = {isa = PBXBuildFile; fileRef = A083839A27199C490011CDAB /* GenericCollectionViewCell.swift */; };
		A083839E27199D7B0011CDAB /* ItemCollectionComponent.swift in Sources */ = {isa = PBXBuildFile; fileRef = A083839D27199D7B0011CDAB /* ItemCollectionComponent.swift */; };
		A08383A027199DAD0011CDAB /* ItemCollectionViewData.swift in Sources */ = {isa = PBXBuildFile; fileRef = A083839F27199DAD0011CDAB /* ItemCollectionViewData.swift */; };
		A08383A327199DE50011CDAB /* ItemCollectionComponentDelegate.swift in Sources */ = {isa = PBXBuildFile; fileRef = A08383A227199DE50011CDAB /* ItemCollectionComponentDelegate.swift */; };
		A08383A627199FA70011CDAB /* UICollectionView+Extensions.swift in Sources */ = {isa = PBXBuildFile; fileRef = A08383A527199FA70011CDAB /* UICollectionView+Extensions.swift */; };
		A08383A92719A1030011CDAB /* ContentDisplayerCollectionViewCell.swift in Sources */ = {isa = PBXBuildFile; fileRef = A08383A82719A1030011CDAB /* ContentDisplayerCollectionViewCell.swift */; };
		A08383AD2719D3860011CDAB /* LoadingCellView.swift in Sources */ = {isa = PBXBuildFile; fileRef = A08383AC2719D3860011CDAB /* LoadingCellView.swift */; };
		A08383AF2719D3E20011CDAB /* UIView+Extensions.swift in Sources */ = {isa = PBXBuildFile; fileRef = A08383AE2719D3E20011CDAB /* UIView+Extensions.swift */; };
		A08930312713475A00C48243 /* AppDelegate.swift in Sources */ = {isa = PBXBuildFile; fileRef = A08930302713475A00C48243 /* AppDelegate.swift */; };
		A08930332713475A00C48243 /* SceneDelegate.swift in Sources */ = {isa = PBXBuildFile; fileRef = A08930322713475A00C48243 /* SceneDelegate.swift */; };
		A08930352713475A00C48243 /* ViewController.swift in Sources */ = {isa = PBXBuildFile; fileRef = A08930342713475A00C48243 /* ViewController.swift */; };
		A089303A2713475D00C48243 /* Assets.xcassets in Resources */ = {isa = PBXBuildFile; fileRef = A08930392713475D00C48243 /* Assets.xcassets */; };
		A089303D2713475D00C48243 /* LaunchScreen.storyboard in Resources */ = {isa = PBXBuildFile; fileRef = A089303B2713475D00C48243 /* LaunchScreen.storyboard */; };
		A08930482713475E00C48243 /* TechNewsTests.swift in Sources */ = {isa = PBXBuildFile; fileRef = A08930472713475E00C48243 /* TechNewsTests.swift */; };
		A08930522713475E00C48243 /* TechNewsUITests.swift in Sources */ = {isa = PBXBuildFile; fileRef = A08930512713475E00C48243 /* TechNewsUITests.swift */; };
		A08930542713475E00C48243 /* TechNewsUITestsLaunchTests.swift in Sources */ = {isa = PBXBuildFile; fileRef = A08930532713475E00C48243 /* TechNewsUITestsLaunchTests.swift */; };
		A08930672713485900C48243 /* GenericValueProtocol.swift in Sources */ = {isa = PBXBuildFile; fileRef = A08930612713485800C48243 /* GenericValueProtocol.swift */; };
		A08930682713485900C48243 /* BaseViewController.swift in Sources */ = {isa = PBXBuildFile; fileRef = A08930622713485800C48243 /* BaseViewController.swift */; };
		A089306A2713485900C48243 /* GenericDataProtocol.swift in Sources */ = {isa = PBXBuildFile; fileRef = A08930642713485800C48243 /* GenericDataProtocol.swift */; };
		A089306B2713485900C48243 /* GenericBaseView.swift in Sources */ = {isa = PBXBuildFile; fileRef = A08930652713485800C48243 /* GenericBaseView.swift */; };
		A089306C2713485900C48243 /* BaseView.swift in Sources */ = {isa = PBXBuildFile; fileRef = A08930662713485800C48243 /* BaseView.swift */; };
		A089307B27134A2D00C48243 /* GNewsResponse.swift in Sources */ = {isa = PBXBuildFile; fileRef = A089307A27134A2D00C48243 /* GNewsResponse.swift */; };
		A089307E27134B2B00C48243 /* ImageCacheManager.swift in Sources */ = {isa = PBXBuildFile; fileRef = A089307D27134B2B00C48243 /* ImageCacheManager.swift */; };
		A089308227134E4400C48243 /* FontManager.swift in Sources */ = {isa = PBXBuildFile; fileRef = A089308127134E4400C48243 /* FontManager.swift */; };
		A089308627134E8600C48243 /* TabBarImages.swift in Sources */ = {isa = PBXBuildFile; fileRef = A089308427134E8600C48243 /* TabBarImages.swift */; };
		A089308D2713501500C48243 /* CustomImageViewComponentContainer.swift in Sources */ = {isa = PBXBuildFile; fileRef = A08930892713501500C48243 /* CustomImageViewComponentContainer.swift */; };
		A089308E2713501500C48243 /* CustomImageViewComponentData.swift in Sources */ = {isa = PBXBuildFile; fileRef = A089308A2713501500C48243 /* CustomImageViewComponentData.swift */; };
		A089308F2713501500C48243 /* CustomImageViewComponent.swift in Sources */ = {isa = PBXBuildFile; fileRef = A089308B2713501500C48243 /* CustomImageViewComponent.swift */; };
		A08930902713501500C48243 /* CustomImageLoadingType.swift in Sources */ = {isa = PBXBuildFile; fileRef = A089308C2713501500C48243 /* CustomImageLoadingType.swift */; };
		A08930932713505E00C48243 /* NewsBodyComponent.swift in Sources */ = {isa = PBXBuildFile; fileRef = A08930922713505E00C48243 /* NewsBodyComponent.swift */; };
		A08930952713506600C48243 /* NewsBodyComponentData.swift in Sources */ = {isa = PBXBuildFile; fileRef = A08930942713506600C48243 /* NewsBodyComponentData.swift */; };
		A099F5892719E1E900B6C486 /* CardViewData.swift in Sources */ = {isa = PBXBuildFile; fileRef = A099F5882719E1E900B6C486 /* CardViewData.swift */; };
		A099F58C2719E2AE00B6C486 /* MainViewController.swift in Sources */ = {isa = PBXBuildFile; fileRef = A099F58B2719E2AE00B6C486 /* MainViewController.swift */; };
		A099F58F2719E30E00B6C486 /* MainViewModel.swift in Sources */ = {isa = PBXBuildFile; fileRef = A099F58E2719E30E00B6C486 /* MainViewModel.swift */; };
		A099F5912719E94800B6C486 /* MainViewDataFormatter.swift in Sources */ = {isa = PBXBuildFile; fileRef = A099F5902719E94800B6C486 /* MainViewDataFormatter.swift */; };
		A099F5932719EA1800B6C486 /* MainViewDataImplementation.swift in Sources */ = {isa = PBXBuildFile; fileRef = A099F5922719EA1800B6C486 /* MainViewDataImplementation.swift */; };
		A099F5952719EA7300B6C486 /* MainViewStates.swift in Sources */ = {isa = PBXBuildFile; fileRef = A099F5942719EA7300B6C486 /* MainViewStates.swift */; };
		A099F59A2719F70B00B6C486 /* RxBlocking in Frameworks */ = {isa = PBXBuildFile; productRef = A099F5992719F70B00B6C486 /* RxBlocking */; };
		A099F59C2719F70B00B6C486 /* RxCocoa in Frameworks */ = {isa = PBXBuildFile; productRef = A099F59B2719F70B00B6C486 /* RxCocoa */; };
		A099F59E2719F70B00B6C486 /* RxRelay in Frameworks */ = {isa = PBXBuildFile; productRef = A099F59D2719F70B00B6C486 /* RxRelay */; };
		A099F5A02719F70B00B6C486 /* RxSwift in Frameworks */ = {isa = PBXBuildFile; productRef = A099F59F2719F70B00B6C486 /* RxSwift */; };
		A099F5A22719F70B00B6C486 /* RxTest in Frameworks */ = {isa = PBXBuildFile; productRef = A099F5A12719F70B00B6C486 /* RxTest */; };
		A099F5A62719F99E00B6C486 /* GnewsApiRemoteProtocol.swift in Sources */ = {isa = PBXBuildFile; fileRef = A099F5A52719F99E00B6C486 /* GnewsApiRemoteProtocol.swift */; };
/* End PBXBuildFile section */

/* Begin PBXContainerItemProxy section */
		A08930442713475E00C48243 /* PBXContainerItemProxy */ = {
			isa = PBXContainerItemProxy;
			containerPortal = A08930252713475A00C48243 /* Project object */;
			proxyType = 1;
			remoteGlobalIDString = A089302C2713475A00C48243;
			remoteInfo = TechNews;
		};
		A089304E2713475E00C48243 /* PBXContainerItemProxy */ = {
			isa = PBXContainerItemProxy;
			containerPortal = A08930252713475A00C48243 /* Project object */;
			proxyType = 1;
			remoteGlobalIDString = A089302C2713475A00C48243;
			remoteInfo = TechNews;
		};
/* End PBXContainerItemProxy section */

/* Begin PBXFileReference section */
		A02E701127148F6800B08168 /* String+Extensions.swift */ = {isa = PBXFileReference; lastKnownFileType = sourcecode.swift; path = "String+Extensions.swift"; sourceTree = "<group>"; };
		A02E701A271496DF00B08168 /* ColorHelper.swift */ = {isa = PBXFileReference; lastKnownFileType = sourcecode.swift; path = ColorHelper.swift; sourceTree = "<group>"; };
		A02E701C2714982600B08168 /* HexColorUtil.swift */ = {isa = PBXFileReference; lastKnownFileType = sourcecode.swift; path = HexColorUtil.swift; sourceTree = "<group>"; };
		A02E70272714A18A00B08168 /* CardView.swift */ = {isa = PBXFileReference; lastKnownFileType = sourcecode.swift; path = CardView.swift; sourceTree = "<group>"; };
		A02E70292714A43E00B08168 /* BaseCollectionViewCell.swift */ = {isa = PBXFileReference; lastKnownFileType = sourcecode.swift; path = BaseCollectionViewCell.swift; sourceTree = "<group>"; };
		A02E702F2714A98900B08168 /* BaseVisualEffectView.swift */ = {isa = PBXFileReference; lastKnownFileType = sourcecode.swift; path = BaseVisualEffectView.swift; sourceTree = "<group>"; };
		A02E70322714AAB500B08168 /* GenericVisualEffectView.swift */ = {isa = PBXFileReference; lastKnownFileType = sourcecode.swift; path = GenericVisualEffectView.swift; sourceTree = "<group>"; };
		A08383952719956F0011CDAB /* ConsumerElectronicNewsManager.swift */ = {isa = PBXFileReference; lastKnownFileType = sourcecode.swift; path = ConsumerElectronicNewsManager.swift; sourceTree = "<group>"; };
		A0838397271995780011CDAB /* AppleNewsManager.swift */ = {isa = PBXFileReference; lastKnownFileType = sourcecode.swift; path = AppleNewsManager.swift; sourceTree = "<group>"; };
		A083839A27199C490011CDAB /* GenericCollectionViewCell.swift */ = {isa = PBXFileReference; lastKnownFileType = sourcecode.swift; path = GenericCollectionViewCell.swift; sourceTree = "<group>"; };
		A083839D27199D7B0011CDAB /* ItemCollectionComponent.swift */ = {isa = PBXFileReference; lastKnownFileType = sourcecode.swift; path = ItemCollectionComponent.swift; sourceTree = "<group>"; };
		A083839F27199DAD0011CDAB /* ItemCollectionViewData.swift */ = {isa = PBXFileReference; lastKnownFileType = sourcecode.swift; path = ItemCollectionViewData.swift; sourceTree = "<group>"; };
		A08383A227199DE50011CDAB /* ItemCollectionComponentDelegate.swift */ = {isa = PBXFileReference; lastKnownFileType = sourcecode.swift; path = ItemCollectionComponentDelegate.swift; sourceTree = "<group>"; };
		A08383A527199FA70011CDAB /* UICollectionView+Extensions.swift */ = {isa = PBXFileReference; lastKnownFileType = sourcecode.swift; path = "UICollectionView+Extensions.swift"; sourceTree = "<group>"; };
		A08383A82719A1030011CDAB /* ContentDisplayerCollectionViewCell.swift */ = {isa = PBXFileReference; lastKnownFileType = sourcecode.swift; path = ContentDisplayerCollectionViewCell.swift; sourceTree = "<group>"; };
		A08383AC2719D3860011CDAB /* LoadingCellView.swift */ = {isa = PBXFileReference; lastKnownFileType = sourcecode.swift; path = LoadingCellView.swift; sourceTree = "<group>"; };
		A08383AE2719D3E20011CDAB /* UIView+Extensions.swift */ = {isa = PBXFileReference; lastKnownFileType = sourcecode.swift; path = "UIView+Extensions.swift"; sourceTree = "<group>"; };
		A089302D2713475A00C48243 /* TechNews.app */ = {isa = PBXFileReference; explicitFileType = wrapper.application; includeInIndex = 0; path = TechNews.app; sourceTree = BUILT_PRODUCTS_DIR; };
		A08930302713475A00C48243 /* AppDelegate.swift */ = {isa = PBXFileReference; lastKnownFileType = sourcecode.swift; path = AppDelegate.swift; sourceTree = "<group>"; };
		A08930322713475A00C48243 /* SceneDelegate.swift */ = {isa = PBXFileReference; lastKnownFileType = sourcecode.swift; path = SceneDelegate.swift; sourceTree = "<group>"; };
		A08930342713475A00C48243 /* ViewController.swift */ = {isa = PBXFileReference; lastKnownFileType = sourcecode.swift; path = ViewController.swift; sourceTree = "<group>"; };
		A08930392713475D00C48243 /* Assets.xcassets */ = {isa = PBXFileReference; lastKnownFileType = folder.assetcatalog; path = Assets.xcassets; sourceTree = "<group>"; };
		A089303C2713475D00C48243 /* Base */ = {isa = PBXFileReference; lastKnownFileType = file.storyboard; name = Base; path = Base.lproj/LaunchScreen.storyboard; sourceTree = "<group>"; };
		A089303E2713475D00C48243 /* Info.plist */ = {isa = PBXFileReference; lastKnownFileType = text.plist.xml; path = Info.plist; sourceTree = "<group>"; };
		A08930432713475E00C48243 /* TechNewsTests.xctest */ = {isa = PBXFileReference; explicitFileType = wrapper.cfbundle; includeInIndex = 0; path = TechNewsTests.xctest; sourceTree = BUILT_PRODUCTS_DIR; };
		A08930472713475E00C48243 /* TechNewsTests.swift */ = {isa = PBXFileReference; lastKnownFileType = sourcecode.swift; path = TechNewsTests.swift; sourceTree = "<group>"; };
		A089304D2713475E00C48243 /* TechNewsUITests.xctest */ = {isa = PBXFileReference; explicitFileType = wrapper.cfbundle; includeInIndex = 0; path = TechNewsUITests.xctest; sourceTree = BUILT_PRODUCTS_DIR; };
		A08930512713475E00C48243 /* TechNewsUITests.swift */ = {isa = PBXFileReference; lastKnownFileType = sourcecode.swift; path = TechNewsUITests.swift; sourceTree = "<group>"; };
		A08930532713475E00C48243 /* TechNewsUITestsLaunchTests.swift */ = {isa = PBXFileReference; lastKnownFileType = sourcecode.swift; path = TechNewsUITestsLaunchTests.swift; sourceTree = "<group>"; };
		A08930612713485800C48243 /* GenericValueProtocol.swift */ = {isa = PBXFileReference; fileEncoding = 4; lastKnownFileType = sourcecode.swift; path = GenericValueProtocol.swift; sourceTree = "<group>"; };
		A08930622713485800C48243 /* BaseViewController.swift */ = {isa = PBXFileReference; fileEncoding = 4; lastKnownFileType = sourcecode.swift; path = BaseViewController.swift; sourceTree = "<group>"; };
		A08930642713485800C48243 /* GenericDataProtocol.swift */ = {isa = PBXFileReference; fileEncoding = 4; lastKnownFileType = sourcecode.swift; path = GenericDataProtocol.swift; sourceTree = "<group>"; };
		A08930652713485800C48243 /* GenericBaseView.swift */ = {isa = PBXFileReference; fileEncoding = 4; lastKnownFileType = sourcecode.swift; path = GenericBaseView.swift; sourceTree = "<group>"; };
		A08930662713485800C48243 /* BaseView.swift */ = {isa = PBXFileReference; fileEncoding = 4; lastKnownFileType = sourcecode.swift; path = BaseView.swift; sourceTree = "<group>"; };
		A089307A27134A2D00C48243 /* GNewsResponse.swift */ = {isa = PBXFileReference; lastKnownFileType = sourcecode.swift; path = GNewsResponse.swift; sourceTree = "<group>"; };
		A089307D27134B2B00C48243 /* ImageCacheManager.swift */ = {isa = PBXFileReference; lastKnownFileType = sourcecode.swift; path = ImageCacheManager.swift; sourceTree = "<group>"; };
		A089308127134E4400C48243 /* FontManager.swift */ = {isa = PBXFileReference; fileEncoding = 4; lastKnownFileType = sourcecode.swift; path = FontManager.swift; sourceTree = "<group>"; };
		A089308427134E8600C48243 /* TabBarImages.swift */ = {isa = PBXFileReference; fileEncoding = 4; lastKnownFileType = sourcecode.swift; path = TabBarImages.swift; sourceTree = "<group>"; };
		A08930892713501500C48243 /* CustomImageViewComponentContainer.swift */ = {isa = PBXFileReference; fileEncoding = 4; lastKnownFileType = sourcecode.swift; path = CustomImageViewComponentContainer.swift; sourceTree = "<group>"; };
		A089308A2713501500C48243 /* CustomImageViewComponentData.swift */ = {isa = PBXFileReference; fileEncoding = 4; lastKnownFileType = sourcecode.swift; path = CustomImageViewComponentData.swift; sourceTree = "<group>"; };
		A089308B2713501500C48243 /* CustomImageViewComponent.swift */ = {isa = PBXFileReference; fileEncoding = 4; lastKnownFileType = sourcecode.swift; path = CustomImageViewComponent.swift; sourceTree = "<group>"; };
		A089308C2713501500C48243 /* CustomImageLoadingType.swift */ = {isa = PBXFileReference; fileEncoding = 4; lastKnownFileType = sourcecode.swift; path = CustomImageLoadingType.swift; sourceTree = "<group>"; };
		A08930922713505E00C48243 /* NewsBodyComponent.swift */ = {isa = PBXFileReference; lastKnownFileType = sourcecode.swift; path = NewsBodyComponent.swift; sourceTree = "<group>"; };
		A08930942713506600C48243 /* NewsBodyComponentData.swift */ = {isa = PBXFileReference; lastKnownFileType = sourcecode.swift; path = NewsBodyComponentData.swift; sourceTree = "<group>"; };
		A099F5882719E1E900B6C486 /* CardViewData.swift */ = {isa = PBXFileReference; lastKnownFileType = sourcecode.swift; path = CardViewData.swift; sourceTree = "<group>"; };
		A099F58B2719E2AE00B6C486 /* MainViewController.swift */ = {isa = PBXFileReference; lastKnownFileType = sourcecode.swift; path = MainViewController.swift; sourceTree = "<group>"; };
		A099F58E2719E30E00B6C486 /* MainViewModel.swift */ = {isa = PBXFileReference; lastKnownFileType = sourcecode.swift; path = MainViewModel.swift; sourceTree = "<group>"; };
		A099F5902719E94800B6C486 /* MainViewDataFormatter.swift */ = {isa = PBXFileReference; lastKnownFileType = sourcecode.swift; path = MainViewDataFormatter.swift; sourceTree = "<group>"; };
		A099F5922719EA1800B6C486 /* MainViewDataImplementation.swift */ = {isa = PBXFileReference; lastKnownFileType = sourcecode.swift; path = MainViewDataImplementation.swift; sourceTree = "<group>"; };
		A099F5942719EA7300B6C486 /* MainViewStates.swift */ = {isa = PBXFileReference; lastKnownFileType = sourcecode.swift; path = MainViewStates.swift; sourceTree = "<group>"; };
		A099F5A52719F99E00B6C486 /* GnewsApiRemoteProtocol.swift */ = {isa = PBXFileReference; lastKnownFileType = sourcecode.swift; path = GnewsApiRemoteProtocol.swift; sourceTree = "<group>"; };
/* End PBXFileReference section */

/* Begin PBXFrameworksBuildPhase section */
		A089302A2713475A00C48243 /* Frameworks */ = {
			isa = PBXFrameworksBuildPhase;
			buildActionMask = 2147483647;
			files = (
				A099F59C2719F70B00B6C486 /* RxCocoa in Frameworks */,
				A02E7018271495BD00B08168 /* DefaultNetworkOperationPackage in Frameworks */,
				A099F5A02719F70B00B6C486 /* RxSwift in Frameworks */,
				A099F59E2719F70B00B6C486 /* RxRelay in Frameworks */,
				A099F5A22719F70B00B6C486 /* RxTest in Frameworks */,
				A099F59A2719F70B00B6C486 /* RxBlocking in Frameworks */,
			);
			runOnlyForDeploymentPostprocessing = 0;
		};
		A08930402713475E00C48243 /* Frameworks */ = {
			isa = PBXFrameworksBuildPhase;
			buildActionMask = 2147483647;
			files = (
			);
			runOnlyForDeploymentPostprocessing = 0;
		};
		A089304A2713475E00C48243 /* Frameworks */ = {
			isa = PBXFrameworksBuildPhase;
			buildActionMask = 2147483647;
			files = (
			);
			runOnlyForDeploymentPostprocessing = 0;
		};
/* End PBXFrameworksBuildPhase section */

/* Begin PBXGroup section */
		A02E701027148F5500B08168 /* Extensions */ = {
			isa = PBXGroup;
			children = (
				A02E701127148F6800B08168 /* String+Extensions.swift */,
				A08383A527199FA70011CDAB /* UICollectionView+Extensions.swift */,
				A08383AE2719D3E20011CDAB /* UIView+Extensions.swift */,
			);
			path = Extensions;
			sourceTree = "<group>";
		};
		A02E7019271496C200B08168 /* ColorHelpers */ = {
			isa = PBXGroup;
			children = (
				A02E701A271496DF00B08168 /* ColorHelper.swift */,
				A02E701C2714982600B08168 /* HexColorUtil.swift */,
			);
			path = ColorHelpers;
			sourceTree = "<group>";
		};
		A02E702427149FF500B08168 /* CardView */ = {
			isa = PBXGroup;
			children = (
				A02E70272714A18A00B08168 /* CardView.swift */,
				A099F5882719E1E900B6C486 /* CardViewData.swift */,
			);
			path = CardView;
			sourceTree = "<group>";
		};
		A0838393271995160011CDAB /* AppleNewsManager */ = {
			isa = PBXGroup;
			children = (
				A0838397271995780011CDAB /* AppleNewsManager.swift */,
			);
			path = AppleNewsManager;
			sourceTree = "<group>";
		};
		A08383942719955B0011CDAB /* ConsElecNewsManager */ = {
			isa = PBXGroup;
			children = (
				A08383952719956F0011CDAB /* ConsumerElectronicNewsManager.swift */,
			);
			path = ConsElecNewsManager;
			sourceTree = "<group>";
		};
		A083839927199B960011CDAB /* ItemCollectionComponent */ = {
			isa = PBXGroup;
			children = (
				A08383A72719A0F20011CDAB /* CellComponents */,
				A083839C27199D690011CDAB /* MainComponents */,
			);
			path = ItemCollectionComponent;
			sourceTree = "<group>";
		};
		A083839C27199D690011CDAB /* MainComponents */ = {
			isa = PBXGroup;
			children = (
				A083839D27199D7B0011CDAB /* ItemCollectionComponent.swift */,
				A083839F27199DAD0011CDAB /* ItemCollectionViewData.swift */,
				A08383A227199DE50011CDAB /* ItemCollectionComponentDelegate.swift */,
			);
			path = MainComponents;
			sourceTree = "<group>";
		};
		A08383A72719A0F20011CDAB /* CellComponents */ = {
			isa = PBXGroup;
			children = (
				A08383A82719A1030011CDAB /* ContentDisplayerCollectionViewCell.swift */,
			);
			path = CellComponents;
			sourceTree = "<group>";
		};
		A08383AA2719D3720011CDAB /* LoadingViewComponents */ = {
			isa = PBXGroup;
			children = (
				A08383AB2719D37C0011CDAB /* CellLoadingComponent */,
			);
			path = LoadingViewComponents;
			sourceTree = "<group>";
		};
		A08383AB2719D37C0011CDAB /* CellLoadingComponent */ = {
			isa = PBXGroup;
			children = (
				A08383AC2719D3860011CDAB /* LoadingCellView.swift */,
			);
			path = CellLoadingComponent;
			sourceTree = "<group>";
		};
		A08930242713475A00C48243 = {
			isa = PBXGroup;
			children = (
				A089302F2713475A00C48243 /* TechNews */,
				A08930462713475E00C48243 /* TechNewsTests */,
				A08930502713475E00C48243 /* TechNewsUITests */,
				A089302E2713475A00C48243 /* Products */,
			);
			sourceTree = "<group>";
		};
		A089302E2713475A00C48243 /* Products */ = {
			isa = PBXGroup;
			children = (
				A089302D2713475A00C48243 /* TechNews.app */,
				A08930432713475E00C48243 /* TechNewsTests.xctest */,
				A089304D2713475E00C48243 /* TechNewsUITests.xctest */,
			);
			name = Products;
			sourceTree = "<group>";
		};
		A089302F2713475A00C48243 /* TechNews */ = {
			isa = PBXGroup;
			children = (
				A099F5972719EAE700B6C486 /* Data */,
				A02E701027148F5500B08168 /* Extensions */,
				A089307C27134B1000C48243 /* Managers */,
				A0893077271349BD00C48243 /* Models */,
				A0893076271349AF00C48243 /* Utilities */,
				A0893075271349A900C48243 /* Components */,
				A089306D2713487B00C48243 /* Views */,
				A08930602713485800C48243 /* BaseComponents */,
				A08930302713475A00C48243 /* AppDelegate.swift */,
				A08930322713475A00C48243 /* SceneDelegate.swift */,
				A08930342713475A00C48243 /* ViewController.swift */,
				A08930392713475D00C48243 /* Assets.xcassets */,
				A089303B2713475D00C48243 /* LaunchScreen.storyboard */,
				A089303E2713475D00C48243 /* Info.plist */,
			);
			path = TechNews;
			sourceTree = "<group>";
		};
		A08930462713475E00C48243 /* TechNewsTests */ = {
			isa = PBXGroup;
			children = (
				A08930472713475E00C48243 /* TechNewsTests.swift */,
			);
			path = TechNewsTests;
			sourceTree = "<group>";
		};
		A08930502713475E00C48243 /* TechNewsUITests */ = {
			isa = PBXGroup;
			children = (
				A08930512713475E00C48243 /* TechNewsUITests.swift */,
				A08930532713475E00C48243 /* TechNewsUITestsLaunchTests.swift */,
			);
			path = TechNewsUITests;
			sourceTree = "<group>";
		};
		A08930602713485800C48243 /* BaseComponents */ = {
			isa = PBXGroup;
			children = (
				A08930612713485800C48243 /* GenericValueProtocol.swift */,
				A08930622713485800C48243 /* BaseViewController.swift */,
				A08930642713485800C48243 /* GenericDataProtocol.swift */,
				A08930652713485800C48243 /* GenericBaseView.swift */,
				A08930662713485800C48243 /* BaseView.swift */,
				A02E70292714A43E00B08168 /* BaseCollectionViewCell.swift */,
				A02E702F2714A98900B08168 /* BaseVisualEffectView.swift */,
				A02E70322714AAB500B08168 /* GenericVisualEffectView.swift */,
				A083839A27199C490011CDAB /* GenericCollectionViewCell.swift */,
			);
			path = BaseComponents;
			sourceTree = "<group>";
		};
		A089306D2713487B00C48243 /* Views */ = {
			isa = PBXGroup;
			children = (
				A099F58A2719E2A400B6C486 /* MainView */,
			);
			path = Views;
			sourceTree = "<group>";
		};
		A0893075271349A900C48243 /* Components */ = {
			isa = PBXGroup;
			children = (
				A08383AA2719D3720011CDAB /* LoadingViewComponents */,
				A083839927199B960011CDAB /* ItemCollectionComponent */,
				A02E702427149FF500B08168 /* CardView */,
				A08930912713504400C48243 /* NewsBodyComponent */,
				A08930882713501500C48243 /* CustomImageViewComponent */,
			);
			path = Components;
			sourceTree = "<group>";
		};
		A0893076271349AF00C48243 /* Utilities */ = {
			isa = PBXGroup;
			children = (
				A02E7019271496C200B08168 /* ColorHelpers */,
				A089308327134E8600C48243 /* AssetHelpers */,
				A089308027134E4400C48243 /* FontManagers */,
			);
			path = Utilities;
			sourceTree = "<group>";
		};
		A0893077271349BD00C48243 /* Models */ = {
			isa = PBXGroup;
			children = (
				A089307927134A1500C48243 /* News */,
			);
			path = Models;
			sourceTree = "<group>";
		};
		A089307927134A1500C48243 /* News */ = {
			isa = PBXGroup;
			children = (
				A089307A27134A2D00C48243 /* GNewsResponse.swift */,
			);
			path = News;
			sourceTree = "<group>";
		};
		A089307C27134B1000C48243 /* Managers */ = {
			isa = PBXGroup;
			children = (
				A08383942719955B0011CDAB /* ConsElecNewsManager */,
				A0838393271995160011CDAB /* AppleNewsManager */,
				A089307F27134B2E00C48243 /* CacheManagers */,
			);
			path = Managers;
			sourceTree = "<group>";
		};
		A089307F27134B2E00C48243 /* CacheManagers */ = {
			isa = PBXGroup;
			children = (
				A089307D27134B2B00C48243 /* ImageCacheManager.swift */,
			);
			path = CacheManagers;
			sourceTree = "<group>";
		};
		A089308027134E4400C48243 /* FontManagers */ = {
			isa = PBXGroup;
			children = (
				A089308127134E4400C48243 /* FontManager.swift */,
			);
			path = FontManagers;
			sourceTree = "<group>";
		};
		A089308327134E8600C48243 /* AssetHelpers */ = {
			isa = PBXGroup;
			children = (
				A089308427134E8600C48243 /* TabBarImages.swift */,
			);
			path = AssetHelpers;
			sourceTree = "<group>";
		};
		A08930882713501500C48243 /* CustomImageViewComponent */ = {
			isa = PBXGroup;
			children = (
				A08930892713501500C48243 /* CustomImageViewComponentContainer.swift */,
				A089308A2713501500C48243 /* CustomImageViewComponentData.swift */,
				A089308B2713501500C48243 /* CustomImageViewComponent.swift */,
				A089308C2713501500C48243 /* CustomImageLoadingType.swift */,
			);
			path = CustomImageViewComponent;
			sourceTree = "<group>";
		};
		A08930912713504400C48243 /* NewsBodyComponent */ = {
			isa = PBXGroup;
			children = (
				A08930922713505E00C48243 /* NewsBodyComponent.swift */,
				A08930942713506600C48243 /* NewsBodyComponentData.swift */,
			);
			path = NewsBodyComponent;
			sourceTree = "<group>";
		};
		A099F58A2719E2A400B6C486 /* MainView */ = {
			isa = PBXGroup;
			children = (
				A099F58B2719E2AE00B6C486 /* MainViewController.swift */,
				A099F58E2719E30E00B6C486 /* MainViewModel.swift */,
				A099F5902719E94800B6C486 /* MainViewDataFormatter.swift */,
				A099F5922719EA1800B6C486 /* MainViewDataImplementation.swift */,
				A099F5942719EA7300B6C486 /* MainViewStates.swift */,
			);
			path = MainView;
			sourceTree = "<group>";
		};
		A099F5972719EAE700B6C486 /* Data */ = {
			isa = PBXGroup;
			children = (
				A099F5A32719F8B200B6C486 /* Protocols */,
			);
			path = Data;
			sourceTree = "<group>";
		};
		A099F5A32719F8B200B6C486 /* Protocols */ = {
			isa = PBXGroup;
			children = (
				A099F5A52719F99E00B6C486 /* GnewsApiRemoteProtocol.swift */,
			);
			path = Protocols;
			sourceTree = "<group>";
		};
/* End PBXGroup section */

/* Begin PBXNativeTarget section */
		A089302C2713475A00C48243 /* TechNews */ = {
			isa = PBXNativeTarget;
			buildConfigurationList = A08930572713475E00C48243 /* Build configuration list for PBXNativeTarget "TechNews" */;
			buildPhases = (
				A08930292713475A00C48243 /* Sources */,
				A089302A2713475A00C48243 /* Frameworks */,
				A089302B2713475A00C48243 /* Resources */,
			);
			buildRules = (
			);
			dependencies = (
			);
			name = TechNews;
			packageProductDependencies = (
				A02E7017271495BD00B08168 /* DefaultNetworkOperationPackage */,
				A099F5992719F70B00B6C486 /* RxBlocking */,
				A099F59B2719F70B00B6C486 /* RxCocoa */,
				A099F59D2719F70B00B6C486 /* RxRelay */,
				A099F59F2719F70B00B6C486 /* RxSwift */,
				A099F5A12719F70B00B6C486 /* RxTest */,
			);
			productName = TechNews;
			productReference = A089302D2713475A00C48243 /* TechNews.app */;
			productType = "com.apple.product-type.application";
		};
		A08930422713475E00C48243 /* TechNewsTests */ = {
			isa = PBXNativeTarget;
			buildConfigurationList = A089305A2713475E00C48243 /* Build configuration list for PBXNativeTarget "TechNewsTests" */;
			buildPhases = (
				A089303F2713475E00C48243 /* Sources */,
				A08930402713475E00C48243 /* Frameworks */,
				A08930412713475E00C48243 /* Resources */,
			);
			buildRules = (
			);
			dependencies = (
				A08930452713475E00C48243 /* PBXTargetDependency */,
			);
			name = TechNewsTests;
			productName = TechNewsTests;
			productReference = A08930432713475E00C48243 /* TechNewsTests.xctest */;
			productType = "com.apple.product-type.bundle.unit-test";
		};
		A089304C2713475E00C48243 /* TechNewsUITests */ = {
			isa = PBXNativeTarget;
			buildConfigurationList = A089305D2713475E00C48243 /* Build configuration list for PBXNativeTarget "TechNewsUITests" */;
			buildPhases = (
				A08930492713475E00C48243 /* Sources */,
				A089304A2713475E00C48243 /* Frameworks */,
				A089304B2713475E00C48243 /* Resources */,
			);
			buildRules = (
			);
			dependencies = (
				A089304F2713475E00C48243 /* PBXTargetDependency */,
			);
			name = TechNewsUITests;
			productName = TechNewsUITests;
			productReference = A089304D2713475E00C48243 /* TechNewsUITests.xctest */;
			productType = "com.apple.product-type.bundle.ui-testing";
		};
/* End PBXNativeTarget section */

/* Begin PBXProject section */
		A08930252713475A00C48243 /* Project object */ = {
			isa = PBXProject;
			attributes = {
				BuildIndependentTargetsInParallel = 1;
				LastSwiftUpdateCheck = 1300;
				LastUpgradeCheck = 1300;
				TargetAttributes = {
					A089302C2713475A00C48243 = {
						CreatedOnToolsVersion = 13.0;
					};
					A08930422713475E00C48243 = {
						CreatedOnToolsVersion = 13.0;
						TestTargetID = A089302C2713475A00C48243;
					};
					A089304C2713475E00C48243 = {
						CreatedOnToolsVersion = 13.0;
						TestTargetID = A089302C2713475A00C48243;
					};
				};
			};
			buildConfigurationList = A08930282713475A00C48243 /* Build configuration list for PBXProject "TechNews" */;
			compatibilityVersion = "Xcode 13.0";
			developmentRegion = en;
			hasScannedForEncodings = 0;
			knownRegions = (
				en,
				Base,
			);
			mainGroup = A08930242713475A00C48243;
			packageReferences = (
				A02E7016271495BD00B08168 /* XCRemoteSwiftPackageReference "DefaultNetworkOperationPackage" */,
				A099F5982719F70B00B6C486 /* XCRemoteSwiftPackageReference "RxSwift" */,
			);
			productRefGroup = A089302E2713475A00C48243 /* Products */;
			projectDirPath = "";
			projectRoot = "";
			targets = (
				A089302C2713475A00C48243 /* TechNews */,
				A08930422713475E00C48243 /* TechNewsTests */,
				A089304C2713475E00C48243 /* TechNewsUITests */,
			);
		};
/* End PBXProject section */

/* Begin PBXResourcesBuildPhase section */
		A089302B2713475A00C48243 /* Resources */ = {
			isa = PBXResourcesBuildPhase;
			buildActionMask = 2147483647;
			files = (
				A089303D2713475D00C48243 /* LaunchScreen.storyboard in Resources */,
				A089303A2713475D00C48243 /* Assets.xcassets in Resources */,
			);
			runOnlyForDeploymentPostprocessing = 0;
		};
		A08930412713475E00C48243 /* Resources */ = {
			isa = PBXResourcesBuildPhase;
			buildActionMask = 2147483647;
			files = (
			);
			runOnlyForDeploymentPostprocessing = 0;
		};
		A089304B2713475E00C48243 /* Resources */ = {
			isa = PBXResourcesBuildPhase;
			buildActionMask = 2147483647;
			files = (
			);
			runOnlyForDeploymentPostprocessing = 0;
		};
/* End PBXResourcesBuildPhase section */

/* Begin PBXSourcesBuildPhase section */
		A08930292713475A00C48243 /* Sources */ = {
			isa = PBXSourcesBuildPhase;
			buildActionMask = 2147483647;
			files = (
				A08930682713485900C48243 /* BaseViewController.swift in Sources */,
				A089308D2713501500C48243 /* CustomImageViewComponentContainer.swift in Sources */,
				A099F5912719E94800B6C486 /* MainViewDataFormatter.swift in Sources */,
				A089308E2713501500C48243 /* CustomImageViewComponentData.swift in Sources */,
				A08930352713475A00C48243 /* ViewController.swift in Sources */,
				A099F5892719E1E900B6C486 /* CardViewData.swift in Sources */,
				A089308227134E4400C48243 /* FontManager.swift in Sources */,
				A089306A2713485900C48243 /* GenericDataProtocol.swift in Sources */,
				A02E701B271496DF00B08168 /* ColorHelper.swift in Sources */,
				A02E70302714A98900B08168 /* BaseVisualEffectView.swift in Sources */,
				A02E701D2714982600B08168 /* HexColorUtil.swift in Sources */,
				A089306B2713485900C48243 /* GenericBaseView.swift in Sources */,
				A08383A92719A1030011CDAB /* ContentDisplayerCollectionViewCell.swift in Sources */,
				A08383A027199DAD0011CDAB /* ItemCollectionViewData.swift in Sources */,
				A099F58F2719E30E00B6C486 /* MainViewModel.swift in Sources */,
				A083839E27199D7B0011CDAB /* ItemCollectionComponent.swift in Sources */,
				A08383AF2719D3E20011CDAB /* UIView+Extensions.swift in Sources */,
				A08930932713505E00C48243 /* NewsBodyComponent.swift in Sources */,
				A02E702A2714A43E00B08168 /* BaseCollectionViewCell.swift in Sources */,
				A089307E27134B2B00C48243 /* ImageCacheManager.swift in Sources */,
				A08383AD2719D3860011CDAB /* LoadingCellView.swift in Sources */,
				A089307B27134A2D00C48243 /* GNewsResponse.swift in Sources */,
				A099F5932719EA1800B6C486 /* MainViewDataImplementation.swift in Sources */,
				A08383A327199DE50011CDAB /* ItemCollectionComponentDelegate.swift in Sources */,
				A099F58C2719E2AE00B6C486 /* MainViewController.swift in Sources */,
				A08930902713501500C48243 /* CustomImageLoadingType.swift in Sources */,
				A02E70282714A18A00B08168 /* CardView.swift in Sources */,
				A099F5A62719F99E00B6C486 /* GnewsApiRemoteProtocol.swift in Sources */,
				A02E701227148F6800B08168 /* String+Extensions.swift in Sources */,
				A08930672713485900C48243 /* GenericValueProtocol.swift in Sources */,
				A08930312713475A00C48243 /* AppDelegate.swift in Sources */,
				A089306C2713485900C48243 /* BaseView.swift in Sources */,
				A089308F2713501500C48243 /* CustomImageViewComponent.swift in Sources */,
				A089308627134E8600C48243 /* TabBarImages.swift in Sources */,
				A099F5952719EA7300B6C486 /* MainViewStates.swift in Sources */,
				A0838398271995780011CDAB /* AppleNewsManager.swift in Sources */,
				A02E70332714AAB500B08168 /* GenericVisualEffectView.swift in Sources */,
				A08383962719956F0011CDAB /* ConsumerElectronicNewsManager.swift in Sources */,
				A08383A627199FA70011CDAB /* UICollectionView+Extensions.swift in Sources */,
				A08930332713475A00C48243 /* SceneDelegate.swift in Sources */,
				A083839B27199C490011CDAB /* GenericCollectionViewCell.swift in Sources */,
				A08930952713506600C48243 /* NewsBodyComponentData.swift in Sources */,
			);
			runOnlyForDeploymentPostprocessing = 0;
		};
		A089303F2713475E00C48243 /* Sources */ = {
			isa = PBXSourcesBuildPhase;
			buildActionMask = 2147483647;
			files = (
				A08930482713475E00C48243 /* TechNewsTests.swift in Sources */,
			);
			runOnlyForDeploymentPostprocessing = 0;
		};
		A08930492713475E00C48243 /* Sources */ = {
			isa = PBXSourcesBuildPhase;
			buildActionMask = 2147483647;
			files = (
				A08930542713475E00C48243 /* TechNewsUITestsLaunchTests.swift in Sources */,
				A08930522713475E00C48243 /* TechNewsUITests.swift in Sources */,
			);
			runOnlyForDeploymentPostprocessing = 0;
		};
/* End PBXSourcesBuildPhase section */

/* Begin PBXTargetDependency section */
		A08930452713475E00C48243 /* PBXTargetDependency */ = {
			isa = PBXTargetDependency;
			target = A089302C2713475A00C48243 /* TechNews */;
			targetProxy = A08930442713475E00C48243 /* PBXContainerItemProxy */;
		};
		A089304F2713475E00C48243 /* PBXTargetDependency */ = {
			isa = PBXTargetDependency;
			target = A089302C2713475A00C48243 /* TechNews */;
			targetProxy = A089304E2713475E00C48243 /* PBXContainerItemProxy */;
		};
/* End PBXTargetDependency section */

/* Begin PBXVariantGroup section */
		A089303B2713475D00C48243 /* LaunchScreen.storyboard */ = {
			isa = PBXVariantGroup;
			children = (
				A089303C2713475D00C48243 /* Base */,
			);
			name = LaunchScreen.storyboard;
			sourceTree = "<group>";
		};
/* End PBXVariantGroup section */

/* Begin XCBuildConfiguration section */
		A08930552713475E00C48243 /* Debug */ = {
			isa = XCBuildConfiguration;
			buildSettings = {
				ALWAYS_SEARCH_USER_PATHS = NO;
				CLANG_ANALYZER_NONNULL = YES;
				CLANG_ANALYZER_NUMBER_OBJECT_CONVERSION = YES_AGGRESSIVE;
				CLANG_CXX_LANGUAGE_STANDARD = "gnu++17";
				CLANG_CXX_LIBRARY = "libc++";
				CLANG_ENABLE_MODULES = YES;
				CLANG_ENABLE_OBJC_ARC = YES;
				CLANG_ENABLE_OBJC_WEAK = YES;
				CLANG_WARN_BLOCK_CAPTURE_AUTORELEASING = YES;
				CLANG_WARN_BOOL_CONVERSION = YES;
				CLANG_WARN_COMMA = YES;
				CLANG_WARN_CONSTANT_CONVERSION = YES;
				CLANG_WARN_DEPRECATED_OBJC_IMPLEMENTATIONS = YES;
				CLANG_WARN_DIRECT_OBJC_ISA_USAGE = YES_ERROR;
				CLANG_WARN_DOCUMENTATION_COMMENTS = YES;
				CLANG_WARN_EMPTY_BODY = YES;
				CLANG_WARN_ENUM_CONVERSION = YES;
				CLANG_WARN_INFINITE_RECURSION = YES;
				CLANG_WARN_INT_CONVERSION = YES;
				CLANG_WARN_NON_LITERAL_NULL_CONVERSION = YES;
				CLANG_WARN_OBJC_IMPLICIT_RETAIN_SELF = YES;
				CLANG_WARN_OBJC_LITERAL_CONVERSION = YES;
				CLANG_WARN_OBJC_ROOT_CLASS = YES_ERROR;
				CLANG_WARN_QUOTED_INCLUDE_IN_FRAMEWORK_HEADER = YES;
				CLANG_WARN_RANGE_LOOP_ANALYSIS = YES;
				CLANG_WARN_STRICT_PROTOTYPES = YES;
				CLANG_WARN_SUSPICIOUS_MOVE = YES;
				CLANG_WARN_UNGUARDED_AVAILABILITY = YES_AGGRESSIVE;
				CLANG_WARN_UNREACHABLE_CODE = YES;
				CLANG_WARN__DUPLICATE_METHOD_MATCH = YES;
				COPY_PHASE_STRIP = NO;
				DEBUG_INFORMATION_FORMAT = dwarf;
				ENABLE_STRICT_OBJC_MSGSEND = YES;
				ENABLE_TESTABILITY = YES;
				GCC_C_LANGUAGE_STANDARD = gnu11;
				GCC_DYNAMIC_NO_PIC = NO;
				GCC_NO_COMMON_BLOCKS = YES;
				GCC_OPTIMIZATION_LEVEL = 0;
				GCC_PREPROCESSOR_DEFINITIONS = (
					"DEBUG=1",
					"$(inherited)",
				);
				GCC_WARN_64_TO_32_BIT_CONVERSION = YES;
				GCC_WARN_ABOUT_RETURN_TYPE = YES_ERROR;
				GCC_WARN_UNDECLARED_SELECTOR = YES;
				GCC_WARN_UNINITIALIZED_AUTOS = YES_AGGRESSIVE;
				GCC_WARN_UNUSED_FUNCTION = YES;
				GCC_WARN_UNUSED_VARIABLE = YES;
				IPHONEOS_DEPLOYMENT_TARGET = 15.0;
				MTL_ENABLE_DEBUG_INFO = INCLUDE_SOURCE;
				MTL_FAST_MATH = YES;
				ONLY_ACTIVE_ARCH = YES;
				SDKROOT = iphoneos;
				SWIFT_ACTIVE_COMPILATION_CONDITIONS = DEBUG;
				SWIFT_OPTIMIZATION_LEVEL = "-Onone";
			};
			name = Debug;
		};
		A08930562713475E00C48243 /* Release */ = {
			isa = XCBuildConfiguration;
			buildSettings = {
				ALWAYS_SEARCH_USER_PATHS = NO;
				CLANG_ANALYZER_NONNULL = YES;
				CLANG_ANALYZER_NUMBER_OBJECT_CONVERSION = YES_AGGRESSIVE;
				CLANG_CXX_LANGUAGE_STANDARD = "gnu++17";
				CLANG_CXX_LIBRARY = "libc++";
				CLANG_ENABLE_MODULES = YES;
				CLANG_ENABLE_OBJC_ARC = YES;
				CLANG_ENABLE_OBJC_WEAK = YES;
				CLANG_WARN_BLOCK_CAPTURE_AUTORELEASING = YES;
				CLANG_WARN_BOOL_CONVERSION = YES;
				CLANG_WARN_COMMA = YES;
				CLANG_WARN_CONSTANT_CONVERSION = YES;
				CLANG_WARN_DEPRECATED_OBJC_IMPLEMENTATIONS = YES;
				CLANG_WARN_DIRECT_OBJC_ISA_USAGE = YES_ERROR;
				CLANG_WARN_DOCUMENTATION_COMMENTS = YES;
				CLANG_WARN_EMPTY_BODY = YES;
				CLANG_WARN_ENUM_CONVERSION = YES;
				CLANG_WARN_INFINITE_RECURSION = YES;
				CLANG_WARN_INT_CONVERSION = YES;
				CLANG_WARN_NON_LITERAL_NULL_CONVERSION = YES;
				CLANG_WARN_OBJC_IMPLICIT_RETAIN_SELF = YES;
				CLANG_WARN_OBJC_LITERAL_CONVERSION = YES;
				CLANG_WARN_OBJC_ROOT_CLASS = YES_ERROR;
				CLANG_WARN_QUOTED_INCLUDE_IN_FRAMEWORK_HEADER = YES;
				CLANG_WARN_RANGE_LOOP_ANALYSIS = YES;
				CLANG_WARN_STRICT_PROTOTYPES = YES;
				CLANG_WARN_SUSPICIOUS_MOVE = YES;
				CLANG_WARN_UNGUARDED_AVAILABILITY = YES_AGGRESSIVE;
				CLANG_WARN_UNREACHABLE_CODE = YES;
				CLANG_WARN__DUPLICATE_METHOD_MATCH = YES;
				COPY_PHASE_STRIP = NO;
				DEBUG_INFORMATION_FORMAT = "dwarf-with-dsym";
				ENABLE_NS_ASSERTIONS = NO;
				ENABLE_STRICT_OBJC_MSGSEND = YES;
				GCC_C_LANGUAGE_STANDARD = gnu11;
				GCC_NO_COMMON_BLOCKS = YES;
				GCC_WARN_64_TO_32_BIT_CONVERSION = YES;
				GCC_WARN_ABOUT_RETURN_TYPE = YES_ERROR;
				GCC_WARN_UNDECLARED_SELECTOR = YES;
				GCC_WARN_UNINITIALIZED_AUTOS = YES_AGGRESSIVE;
				GCC_WARN_UNUSED_FUNCTION = YES;
				GCC_WARN_UNUSED_VARIABLE = YES;
				IPHONEOS_DEPLOYMENT_TARGET = 15.0;
				MTL_ENABLE_DEBUG_INFO = NO;
				MTL_FAST_MATH = YES;
				SDKROOT = iphoneos;
				SWIFT_COMPILATION_MODE = wholemodule;
				SWIFT_OPTIMIZATION_LEVEL = "-O";
				VALIDATE_PRODUCT = YES;
			};
			name = Release;
		};
		A08930582713475E00C48243 /* Debug */ = {
			isa = XCBuildConfiguration;
			buildSettings = {
				ASSETCATALOG_COMPILER_APPICON_NAME = AppIcon;
				ASSETCATALOG_COMPILER_GLOBAL_ACCENT_COLOR_NAME = AccentColor;
				CODE_SIGN_STYLE = Automatic;
				CURRENT_PROJECT_VERSION = 1;
				GENERATE_INFOPLIST_FILE = YES;
				INFOPLIST_FILE = TechNews/Info.plist;
				INFOPLIST_KEY_UIApplicationSupportsIndirectInputEvents = YES;
				INFOPLIST_KEY_UILaunchStoryboardName = LaunchScreen;
				INFOPLIST_KEY_UISupportedInterfaceOrientations_iPad = "UIInterfaceOrientationPortrait UIInterfaceOrientationPortraitUpsideDown UIInterfaceOrientationLandscapeLeft UIInterfaceOrientationLandscapeRight";
				INFOPLIST_KEY_UISupportedInterfaceOrientations_iPhone = "UIInterfaceOrientationPortrait UIInterfaceOrientationLandscapeLeft UIInterfaceOrientationLandscapeRight";
				LD_RUNPATH_SEARCH_PATHS = (
					"$(inherited)",
					"@executable_path/Frameworks",
				);
				MARKETING_VERSION = 1.0;
				PRODUCT_BUNDLE_IDENTIFIER = com.erincolkan.TechNews;
				PRODUCT_NAME = "$(TARGET_NAME)";
				SWIFT_EMIT_LOC_STRINGS = YES;
				SWIFT_VERSION = 5.0;
				TARGETED_DEVICE_FAMILY = "1,2";
			};
			name = Debug;
		};
		A08930592713475E00C48243 /* Release */ = {
			isa = XCBuildConfiguration;
			buildSettings = {
				ASSETCATALOG_COMPILER_APPICON_NAME = AppIcon;
				ASSETCATALOG_COMPILER_GLOBAL_ACCENT_COLOR_NAME = AccentColor;
				CODE_SIGN_STYLE = Automatic;
				CURRENT_PROJECT_VERSION = 1;
				GENERATE_INFOPLIST_FILE = YES;
				INFOPLIST_FILE = TechNews/Info.plist;
				INFOPLIST_KEY_UIApplicationSupportsIndirectInputEvents = YES;
				INFOPLIST_KEY_UILaunchStoryboardName = LaunchScreen;
				INFOPLIST_KEY_UISupportedInterfaceOrientations_iPad = "UIInterfaceOrientationPortrait UIInterfaceOrientationPortraitUpsideDown UIInterfaceOrientationLandscapeLeft UIInterfaceOrientationLandscapeRight";
				INFOPLIST_KEY_UISupportedInterfaceOrientations_iPhone = "UIInterfaceOrientationPortrait UIInterfaceOrientationLandscapeLeft UIInterfaceOrientationLandscapeRight";
				LD_RUNPATH_SEARCH_PATHS = (
					"$(inherited)",
					"@executable_path/Frameworks",
				);
				MARKETING_VERSION = 1.0;
				PRODUCT_BUNDLE_IDENTIFIER = com.erincolkan.TechNews;
				PRODUCT_NAME = "$(TARGET_NAME)";
				SWIFT_EMIT_LOC_STRINGS = YES;
				SWIFT_VERSION = 5.0;
				TARGETED_DEVICE_FAMILY = "1,2";
			};
			name = Release;
		};
		A089305B2713475E00C48243 /* Debug */ = {
			isa = XCBuildConfiguration;
			buildSettings = {
				ALWAYS_EMBED_SWIFT_STANDARD_LIBRARIES = YES;
				BUNDLE_LOADER = "$(TEST_HOST)";
				CODE_SIGN_STYLE = Automatic;
				CURRENT_PROJECT_VERSION = 1;
				GENERATE_INFOPLIST_FILE = YES;
				IPHONEOS_DEPLOYMENT_TARGET = 15.0;
				LD_RUNPATH_SEARCH_PATHS = (
					"$(inherited)",
					"@executable_path/Frameworks",
					"@loader_path/Frameworks",
				);
				MARKETING_VERSION = 1.0;
				PRODUCT_BUNDLE_IDENTIFIER = com.erincolkan.TechNewsTests;
				PRODUCT_NAME = "$(TARGET_NAME)";
				SWIFT_EMIT_LOC_STRINGS = NO;
				SWIFT_VERSION = 5.0;
				TARGETED_DEVICE_FAMILY = "1,2";
				TEST_HOST = "$(BUILT_PRODUCTS_DIR)/TechNews.app/TechNews";
			};
			name = Debug;
		};
		A089305C2713475E00C48243 /* Release */ = {
			isa = XCBuildConfiguration;
			buildSettings = {
				ALWAYS_EMBED_SWIFT_STANDARD_LIBRARIES = YES;
				BUNDLE_LOADER = "$(TEST_HOST)";
				CODE_SIGN_STYLE = Automatic;
				CURRENT_PROJECT_VERSION = 1;
				GENERATE_INFOPLIST_FILE = YES;
				IPHONEOS_DEPLOYMENT_TARGET = 15.0;
				LD_RUNPATH_SEARCH_PATHS = (
					"$(inherited)",
					"@executable_path/Frameworks",
					"@loader_path/Frameworks",
				);
				MARKETING_VERSION = 1.0;
				PRODUCT_BUNDLE_IDENTIFIER = com.erincolkan.TechNewsTests;
				PRODUCT_NAME = "$(TARGET_NAME)";
				SWIFT_EMIT_LOC_STRINGS = NO;
				SWIFT_VERSION = 5.0;
				TARGETED_DEVICE_FAMILY = "1,2";
				TEST_HOST = "$(BUILT_PRODUCTS_DIR)/TechNews.app/TechNews";
			};
			name = Release;
		};
		A089305E2713475E00C48243 /* Debug */ = {
			isa = XCBuildConfiguration;
			buildSettings = {
				ALWAYS_EMBED_SWIFT_STANDARD_LIBRARIES = YES;
				CODE_SIGN_STYLE = Automatic;
				CURRENT_PROJECT_VERSION = 1;
				GENERATE_INFOPLIST_FILE = YES;
				LD_RUNPATH_SEARCH_PATHS = (
					"$(inherited)",
					"@executable_path/Frameworks",
					"@loader_path/Frameworks",
				);
				MARKETING_VERSION = 1.0;
				PRODUCT_BUNDLE_IDENTIFIER = com.erincolkan.TechNewsUITests;
				PRODUCT_NAME = "$(TARGET_NAME)";
				SWIFT_EMIT_LOC_STRINGS = NO;
				SWIFT_VERSION = 5.0;
				TARGETED_DEVICE_FAMILY = "1,2";
				TEST_TARGET_NAME = TechNews;
			};
			name = Debug;
		};
		A089305F2713475E00C48243 /* Release */ = {
			isa = XCBuildConfiguration;
			buildSettings = {
				ALWAYS_EMBED_SWIFT_STANDARD_LIBRARIES = YES;
				CODE_SIGN_STYLE = Automatic;
				CURRENT_PROJECT_VERSION = 1;
				GENERATE_INFOPLIST_FILE = YES;
				LD_RUNPATH_SEARCH_PATHS = (
					"$(inherited)",
					"@executable_path/Frameworks",
					"@loader_path/Frameworks",
				);
				MARKETING_VERSION = 1.0;
				PRODUCT_BUNDLE_IDENTIFIER = com.erincolkan.TechNewsUITests;
				PRODUCT_NAME = "$(TARGET_NAME)";
				SWIFT_EMIT_LOC_STRINGS = NO;
				SWIFT_VERSION = 5.0;
				TARGETED_DEVICE_FAMILY = "1,2";
				TEST_TARGET_NAME = TechNews;
			};
			name = Release;
		};
/* End XCBuildConfiguration section */

/* Begin XCConfigurationList section */
		A08930282713475A00C48243 /* Build configuration list for PBXProject "TechNews" */ = {
			isa = XCConfigurationList;
			buildConfigurations = (
				A08930552713475E00C48243 /* Debug */,
				A08930562713475E00C48243 /* Release */,
			);
			defaultConfigurationIsVisible = 0;
			defaultConfigurationName = Release;
		};
		A08930572713475E00C48243 /* Build configuration list for PBXNativeTarget "TechNews" */ = {
			isa = XCConfigurationList;
			buildConfigurations = (
				A08930582713475E00C48243 /* Debug */,
				A08930592713475E00C48243 /* Release */,
			);
			defaultConfigurationIsVisible = 0;
			defaultConfigurationName = Release;
		};
		A089305A2713475E00C48243 /* Build configuration list for PBXNativeTarget "TechNewsTests" */ = {
			isa = XCConfigurationList;
			buildConfigurations = (
				A089305B2713475E00C48243 /* Debug */,
				A089305C2713475E00C48243 /* Release */,
			);
			defaultConfigurationIsVisible = 0;
			defaultConfigurationName = Release;
		};
		A089305D2713475E00C48243 /* Build configuration list for PBXNativeTarget "TechNewsUITests" */ = {
			isa = XCConfigurationList;
			buildConfigurations = (
				A089305E2713475E00C48243 /* Debug */,
				A089305F2713475E00C48243 /* Release */,
			);
			defaultConfigurationIsVisible = 0;
			defaultConfigurationName = Release;
		};
/* End XCConfigurationList section */

/* Begin XCRemoteSwiftPackageReference section */
		A02E7016271495BD00B08168 /* XCRemoteSwiftPackageReference "DefaultNetworkOperationPackage" */ = {
			isa = XCRemoteSwiftPackageReference;
			repositoryURL = "https://github.com/emircanaydin/DefaultNetworkOperationPackage.git";
			requirement = {
				kind = upToNextMajorVersion;
				minimumVersion = 1.0.0;
			};
		};
		A099F5982719F70B00B6C486 /* XCRemoteSwiftPackageReference "RxSwift" */ = {
			isa = XCRemoteSwiftPackageReference;
			repositoryURL = "https://github.com/ReactiveX/RxSwift.git";
			requirement = {
				kind = upToNextMajorVersion;
				minimumVersion = 6.0.0;
			};
		};
/* End XCRemoteSwiftPackageReference section */

/* Begin XCSwiftPackageProductDependency section */
		A02E7017271495BD00B08168 /* DefaultNetworkOperationPackage */ = {
			isa = XCSwiftPackageProductDependency;
			package = A02E7016271495BD00B08168 /* XCRemoteSwiftPackageReference "DefaultNetworkOperationPackage" */;
			productName = DefaultNetworkOperationPackage;
		};
		A099F5992719F70B00B6C486 /* RxBlocking */ = {
			isa = XCSwiftPackageProductDependency;
			package = A099F5982719F70B00B6C486 /* XCRemoteSwiftPackageReference "RxSwift" */;
			productName = RxBlocking;
		};
		A099F59B2719F70B00B6C486 /* RxCocoa */ = {
			isa = XCSwiftPackageProductDependency;
			package = A099F5982719F70B00B6C486 /* XCRemoteSwiftPackageReference "RxSwift" */;
			productName = RxCocoa;
		};
		A099F59D2719F70B00B6C486 /* RxRelay */ = {
			isa = XCSwiftPackageProductDependency;
			package = A099F5982719F70B00B6C486 /* XCRemoteSwiftPackageReference "RxSwift" */;
			productName = RxRelay;
		};
		A099F59F2719F70B00B6C486 /* RxSwift */ = {
			isa = XCSwiftPackageProductDependency;
			package = A099F5982719F70B00B6C486 /* XCRemoteSwiftPackageReference "RxSwift" */;
			productName = RxSwift;
		};
		A099F5A12719F70B00B6C486 /* RxTest */ = {
			isa = XCSwiftPackageProductDependency;
			package = A099F5982719F70B00B6C486 /* XCRemoteSwiftPackageReference "RxSwift" */;
			productName = RxTest;
		};
/* End XCSwiftPackageProductDependency section */
	};
	rootObject = A08930252713475A00C48243 /* Project object */;
}
